
Microsoft Visual Studio Solution File, Format Version 12.00
# Visual Studio Version 16
VisualStudioVersion = 16.0.31129.286
MinimumVisualStudioVersion = 10.0.40219.1
Project("{FAE04EC0-301F-11D3-BF4B-00C04F79EFBC}") = "HealthDeclaration", "HealthDeclaration\HealthDeclaration.csproj", "{79D90E98-6A0C-4DF5-9548-221192A23E5F}"
EndProject
Global
	GlobalSection(SolutionConfigurationPlatforms) = preSolution
		Debug|Any CPU = Debug|Any CPU
		Release|Any CPU = Release|Any CPU
	EndGlobalSection
	GlobalSection(ProjectConfigurationPlatforms) = postSolution
		{79D90E98-6A0C-4DF5-9548-221192A23E5F}.Debug|Any CPU.ActiveCfg = Debug|Any CPU
		{79D90E98-6A0C-4DF5-9548-221192A23E5F}.Debug|Any CPU.Build.0 = Debug|Any CPU
		{79D90E98-6A0C-4DF5-9548-221192A23E5F}.Release|Any CPU.ActiveCfg = Release|Any CPU
		{79D90E98-6A0C-4DF5-9548-221192A23E5F}.Release|Any CPU.Build.0 = Release|Any CPU
	EndGlobalSection
	GlobalSection(SolutionProperties) = preSolution
		HideSolutionNode = FALSE
	EndGlobalSection
	GlobalSection(ExtensibilityGlobals) = postSolution
		SolutionGuid = {2D3A8148-B395-412B-B584-D0DF7FF06324}
	EndGlobalSection
EndGlobal
